
Microsoft Visual Studio Solution File, Format Version 12.00
# Visual Studio Version 17
VisualStudioVersion = 17.0.31903.59
MinimumVisualStudioVersion = 10.0.40219.1
Project("{FAE04EC0-301F-11D3-BF4B-00C04F79EFBC}") = "linq", "linq\linq.csproj", "{3BF25941-E4E5-4A48-B2CC-CCD087DFF352}"
EndProject
Project("{FAE04EC0-301F-11D3-BF4B-00C04F79EFBC}") = "linq.tests", "linq.tests\linq.tests.csproj", "{116EE6E6-DCE0-41B7-8413-06D4D166C17A}"
EndProject
Global
	GlobalSection(SolutionConfigurationPlatforms) = preSolution
		Debug|Any CPU = Debug|Any CPU
		Release|Any CPU = Release|Any CPU
	EndGlobalSection
	GlobalSection(ProjectConfigurationPlatforms) = postSolution
		{3BF25941-E4E5-4A48-B2CC-CCD087DFF352}.Debug|Any CPU.ActiveCfg = Debug|Any CPU
		{3BF25941-E4E5-4A48-B2CC-CCD087DFF352}.Debug|Any CPU.Build.0 = Debug|Any CPU
		{3BF25941-E4E5-4A48-B2CC-CCD087DFF352}.Release|Any CPU.ActiveCfg = Release|Any CPU
		{3BF25941-E4E5-4A48-B2CC-CCD087DFF352}.Release|Any CPU.Build.0 = Release|Any CPU
		{116EE6E6-DCE0-41B7-8413-06D4D166C17A}.Debug|Any CPU.ActiveCfg = Debug|Any CPU
		{116EE6E6-DCE0-41B7-8413-06D4D166C17A}.Debug|Any CPU.Build.0 = Debug|Any CPU
		{116EE6E6-DCE0-41B7-8413-06D4D166C17A}.Release|Any CPU.ActiveCfg = Release|Any CPU
		{116EE6E6-DCE0-41B7-8413-06D4D166C17A}.Release|Any CPU.Build.0 = Release|Any CPU
	EndGlobalSection
	GlobalSection(SolutionProperties) = preSolution
		HideSolutionNode = FALSE
	EndGlobalSection
	GlobalSection(ExtensibilityGlobals) = postSolution
		SolutionGuid = {3D41BFDD-DE2B-4286-B92A-1304E964CB7D}
	EndGlobalSection
EndGlobal
